<?xml version="1.0" encoding="utf-8"?>
<Project ToolsVersion="4.0" xmlns="http://schemas.microsoft.com/developer/msbuild/2003">
  <ItemGroup>
    <Filter Include="Source Files">
      <UniqueIdentifier>{4FC737F1-C7A5-4376-A066-2A32D752A2FF}</UniqueIdentifier>
      <Extensions>cpp;c;cc;cxx;def;odl;idl;hpj;bat;asm;asmx</Extensions>
    </Filter>
    <Filter Include="Header Files">
      <UniqueIdentifier>{93995380-89BD-4b04-88EB-625FBE52EBFB}</UniqueIdentifier>
      <Extensions>h;hh;hpp;hxx;hm;inl;inc;xsd</Extensions>
    </Filter>
    <Filter Include="Resource Files">
      <UniqueIdentifier>{67DA6AB6-F800-4c08-8B7A-83BB121AAD01}</UniqueIdentifier>
      <Extensions>rc;ico;cur;bmp;dlg;rc2;rct;bin;rgs;gif;jpg;jpeg;jpe;resx;tiff;tif;png;wav;mfcribbon-ms</Extensions>
    </Filter>
  </ItemGroup>
  <ItemGroup>
    <ClInclude Include="stdafx.h">
      <Filter>Header Files</Filter>
    </ClInclude>
    <ClInclude Include="targetver.h">
      <Filter>Header Files</Filter>
    </ClInclude>
    <ClInclude Include="DisplayableEvent.h">
      <Filter>Header Files</Filter>
    </ClInclude>
    <ClInclude Include="DisplayableDay.h">
      <Filter>Header Files</Filter>
    </ClInclude>
    <ClInclude Include="DisplayableMonth.h">
      <Filter>Header Files</Filter>
    </ClInclude>
    <ClInclude Include="DisplayableYear.h">
      <Filter>Header Files</Filter>
    </ClInclude>
    <ClInclude Include="Calendar.h">
      <Filter>Header Files</Filter>
    </ClInclude>
    <ClInclude Include="CalendarBuilder.h">
      <Filter>Header Files</Filter>
    </ClInclude>
    <ClInclude Include="CalendarComponent.h">
      <Filter>Header Files</Filter>
    </ClInclude>
    <ClInclude Include="CalendarInterface.h">
      <Filter>Header Files</Filter>
    </ClInclude>
    <ClInclude Include="DisplayableComponent.h">
      <Filter>Header Files</Filter>
    </ClInclude>
    <ClInclude Include="DisplayableComponentVisitor.h">
      <Filter>Header Files</Filter>
    </ClInclude>
    <ClInclude Include="CalendarDisplayVisitor.h">
      <Filter>Header Files</Filter>
    </ClInclude>
    <ClInclude Include="YearDisplayVisitor.h">
      <Filter>Header Files</Filter>
    </ClInclude>
    <ClInclude Include="MonthDisplayVisitor.h">
      <Filter>Header Files</Filter>
    </ClInclude>
    <ClInclude Include="DayDisplayVisitor.h">
      <Filter>Header Files</Filter>
    </ClInclude>
    <ClInclude Include="utilityfunctions.h">
      <Filter>Header Files</Filter>
    </ClInclude>
    <ClInclude Include="EventDisplayVisitor.h">
      <Filter>Header Files</Filter>
    </ClInclude>
    <ClInclude Include="ToDoList.h">
      <Filter>Header Files</Filter>
    </ClInclude>
    <ClInclude Include="FileCalendarBuilder.h">
      <Filter>Header Files</Filter>
    </ClInclude>
    <ClInclude Include="FullCalendarBuilder.h">
      <Filter>Header Files</Filter>
    </ClInclude>
    <ClInclude Include="ToDoListVisitor.h">
      <Filter>Header Files</Filter>
    </ClInclude>
    <ClInclude Include="IncrementalBuilder.h">
      <Filter>Header Files</Filter>
    </ClInclude>
  </ItemGroup>
  <ItemGroup>
    <ClCompile Include="stdafx.cpp">
      <Filter>Source Files</Filter>
    </ClCompile>
    <ClCompile Include="Calendar.cpp">
      <Filter>Source Files</Filter>
    </ClCompile>
    <ClCompile Include="CalendarComponent.cpp">
      <Filter>Source Files</Filter>
    </ClCompile>
    <ClCompile Include="CalendarInterface.cpp">
      <Filter>Source Files</Filter>
    </ClCompile>
    <ClCompile Include="DisplayableComponent.cpp">
      <Filter>Source Files</Filter>
    </ClCompile>
    <ClCompile Include="DisplayableDay.cpp">
      <Filter>Source Files</Filter>
    </ClCompile>
    <ClCompile Include="DisplayableMonth.cpp">
      <Filter>Source Files</Filter>
    </ClCompile>
    <ClCompile Include="DisplayableYear.cpp">
      <Filter>Source Files</Filter>
    </ClCompile>
    <ClCompile Include="FullCalendarBuilder.cpp">
      <Filter>Source Files</Filter>
    </ClCompile>
    <ClCompile Include="lab5_driver.cpp">
      <Filter>Source Files</Filter>
    </ClCompile>
    <ClCompile Include="utilityfunctions.cpp">
      <Filter>Source Files</Filter>
    </ClCompile>
    <ClCompile Include="DisplayableEvent.cpp">
      <Filter>Source Files</Filter>
    </ClCompile>
    <ClCompile Include="CalendarDisplayVisitor.cpp">
      <Filter>Source Files</Filter>
    </ClCompile>
    <ClCompile Include="YearDisplayVisitor.cpp">
      <Filter>Source Files</Filter>
    </ClCompile>
    <ClCompile Include="MonthDisplayVisitor.cpp">
      <Filter>Source Files</Filter>
    </ClCompile>
    <ClCompile Include="DayDisplayVisitor.cpp">
      <Filter>Source Files</Filter>
    </ClCompile>
    <ClCompile Include="EventDisplayVisitor.cpp">
      <Filter>Source Files</Filter>
    </ClCompile>
    <ClCompile Include="ToDoList.cpp">
      <Filter>Source Files</Filter>
    </ClCompile>
    <ClCompile Include="FileCalendarBuilder.cpp">
      <Filter>Source Files</Filter>
    </ClCompile>
    <ClCompile Include="ToDoListVisitor.cpp">
      <Filter>Source Files</Filter>
    </ClCompile>
    <ClCompile Include="DisplayableComponentVisitor.cpp">
      <Filter>Source Files</Filter>
    </ClCompile>
    <ClCompile Include="CalendarBuilder.cpp">
      <Filter>Source Files</Filter>
    </ClCompile>
    <ClCompile Include="IncrementalBuilder.cpp">
      <Filter>Source Files</Filter>
    </ClCompile>
  </ItemGroup>
  <ItemGroup>
    <Text Include="ReadMe.txt">
      <Filter>Resource Files</Filter>
    </Text>
  </ItemGroup>
  <ItemGroup>
    <None Include="..\..\.gitattributes">
      <Filter>Header Files</Filter>
    </None>
  </ItemGroup>
</Project>